Microsoft Visual Studio Solution File, Format Version 12.00
# Visual Studio Version 17
VisualStudioVersion = 17.5.2.0
MinimumVisualStudioVersion = 10.0.40219.1
Project("{2150E333-8FDC-42A3-9474-1A3956D46DE8}") = "src", "src", "{827E0CD3-B72D-47B6-A68D-7590B98EB39B}"
EndProject
Project("{2150E333-8FDC-42A3-9474-1A3956D46DE8}") = "alternative-bots", "alternative-bots", "{A3963A42-BA02-1665-FEE3-9A6867D26CB0}"
EndProject
Project("{FAE04EC0-301F-11D3-BF4B-00C04F79EFBC}") = "MyBot", "src\alternative-bots\alt-bot-1\MyBot.csproj", "{390B3E54-C47F-B2F9-CC5C-7F7D373A8A1A}"
EndProject
Global
	GlobalSection(SolutionConfigurationPlatforms) = preSolution
		Debug|Any CPU = Debug|Any CPU
		Release|Any CPU = Release|Any CPU
	EndGlobalSection
	GlobalSection(ProjectConfigurationPlatforms) = postSolution
		{390B3E54-C47F-B2F9-CC5C-7F7D373A8A1A}.Debug|Any CPU.ActiveCfg = Debug|Any CPU
		{390B3E54-C47F-B2F9-CC5C-7F7D373A8A1A}.Debug|Any CPU.Build.0 = Debug|Any CPU
		{390B3E54-C47F-B2F9-CC5C-7F7D373A8A1A}.Release|Any CPU.ActiveCfg = Release|Any CPU
		{390B3E54-C47F-B2F9-CC5C-7F7D373A8A1A}.Release|Any CPU.Build.0 = Release|Any CPU
	EndGlobalSection
	GlobalSection(SolutionProperties) = preSolution
		HideSolutionNode = FALSE
	EndGlobalSection
	GlobalSection(NestedProjects) = preSolution
		{A3963A42-BA02-1665-FEE3-9A6867D26CB0} = {827E0CD3-B72D-47B6-A68D-7590B98EB39B}
		{390B3E54-C47F-B2F9-CC5C-7F7D373A8A1A} = {A3963A42-BA02-1665-FEE3-9A6867D26CB0}
	EndGlobalSection
	GlobalSection(ExtensibilityGlobals) = postSolution
		SolutionGuid = {7A3C5674-ED78-4B74-9C61-E460F623DBF4}
	EndGlobalSection
EndGlobal
